
Microsoft Visual Studio Solution File, Format Version 12.00
# Visual Studio Version 16
VisualStudioVersion = 16.0.31729.503
MinimumVisualStudioVersion = 10.0.40219.1
Project("{FAE04EC0-301F-11D3-BF4B-00C04F79EFBC}") = "MockTestStringConcept", "MockTestStringConcept.csproj", "{16FA6CFF-FFBC-4E29-92D7-0253E9998ADE}"
EndProject
Global
	GlobalSection(SolutionConfigurationPlatforms) = preSolution
		Debug|Any CPU = Debug|Any CPU
		Release|Any CPU = Release|Any CPU
	EndGlobalSection
	GlobalSection(ProjectConfigurationPlatforms) = postSolution
		{16FA6CFF-FFBC-4E29-92D7-0253E9998ADE}.Debug|Any CPU.ActiveCfg = Debug|Any CPU
		{16FA6CFF-FFBC-4E29-92D7-0253E9998ADE}.Debug|Any CPU.Build.0 = Debug|Any CPU
		{16FA6CFF-FFBC-4E29-92D7-0253E9998ADE}.Release|Any CPU.ActiveCfg = Release|Any CPU
		{16FA6CFF-FFBC-4E29-92D7-0253E9998ADE}.Release|Any CPU.Build.0 = Release|Any CPU
	EndGlobalSection
	GlobalSection(SolutionProperties) = preSolution
		HideSolutionNode = FALSE
	EndGlobalSection
	GlobalSection(ExtensibilityGlobals) = postSolution
		SolutionGuid = {0601E208-9ED0-41CA-88CD-D886E0A719BF}
	EndGlobalSection
EndGlobal
