
Microsoft Visual Studio Solution File, Format Version 12.00
# Visual Studio Version 16
VisualStudioVersion = 16.0.31729.503
MinimumVisualStudioVersion = 10.0.40219.1
Project("{FAE04EC0-301F-11D3-BF4B-00C04F79EFBC}") = "LinqStatementProgram1", "LinqStatementProgram1.csproj", "{28D488FF-BCD0-4736-9987-1F58664A8524}"
EndProject
Global
	GlobalSection(SolutionConfigurationPlatforms) = preSolution
		Debug|Any CPU = Debug|Any CPU
		Release|Any CPU = Release|Any CPU
	EndGlobalSection
	GlobalSection(ProjectConfigurationPlatforms) = postSolution
		{28D488FF-BCD0-4736-9987-1F58664A8524}.Debug|Any CPU.ActiveCfg = Debug|Any CPU
		{28D488FF-BCD0-4736-9987-1F58664A8524}.Debug|Any CPU.Build.0 = Debug|Any CPU
		{28D488FF-BCD0-4736-9987-1F58664A8524}.Release|Any CPU.ActiveCfg = Release|Any CPU
		{28D488FF-BCD0-4736-9987-1F58664A8524}.Release|Any CPU.Build.0 = Release|Any CPU
	EndGlobalSection
	GlobalSection(SolutionProperties) = preSolution
		HideSolutionNode = FALSE
	EndGlobalSection
	GlobalSection(ExtensibilityGlobals) = postSolution
		SolutionGuid = {D9597DFA-5204-4645-9F61-8D8A636125DA}
	EndGlobalSection
EndGlobal
