
Microsoft Visual Studio Solution File, Format Version 12.00
# Visual Studio Version 16
VisualStudioVersion = 16.0.31729.503
MinimumVisualStudioVersion = 10.0.40219.1
Project("{FAE04EC0-301F-11D3-BF4B-00C04F79EFBC}") = "HideMethod", "HideMethod.csproj", "{806AF85B-6A8F-425B-BD63-88B8A563025B}"
EndProject
Global
	GlobalSection(SolutionConfigurationPlatforms) = preSolution
		Debug|Any CPU = Debug|Any CPU
		Release|Any CPU = Release|Any CPU
	EndGlobalSection
	GlobalSection(ProjectConfigurationPlatforms) = postSolution
		{806AF85B-6A8F-425B-BD63-88B8A563025B}.Debug|Any CPU.ActiveCfg = Debug|Any CPU
		{806AF85B-6A8F-425B-BD63-88B8A563025B}.Debug|Any CPU.Build.0 = Debug|Any CPU
		{806AF85B-6A8F-425B-BD63-88B8A563025B}.Release|Any CPU.ActiveCfg = Release|Any CPU
		{806AF85B-6A8F-425B-BD63-88B8A563025B}.Release|Any CPU.Build.0 = Release|Any CPU
	EndGlobalSection
	GlobalSection(SolutionProperties) = preSolution
		HideSolutionNode = FALSE
	EndGlobalSection
	GlobalSection(ExtensibilityGlobals) = postSolution
		SolutionGuid = {DDCA7144-47E2-44A6-B068-5262F146BD2D}
	EndGlobalSection
EndGlobal
